
Microsoft Visual Studio Solution File, Format Version 12.00
# Visual Studio Version 17
VisualStudioVersion = 17.4.33122.133
MinimumVisualStudioVersion = 10.0.40219.1
Project("{FAE04EC0-301F-11D3-BF4B-00C04F79EFBC}") = "AmirTahanTemplateSamianSoft", "AmirTahanTemplateSamianSoft\AmirTahanTemplateSamianSoft.csproj", "{D80C8F2B-4CEB-435B-B3AF-7D04548F8A50}"
EndProject
Project("{2150E333-8FDC-42A3-9474-1A3956D46DE8}") = "test", "test", "{E5A4F2FB-1AFD-43C4-95C4-E258CC81F6CB}"
EndProject
Project("{2150E333-8FDC-42A3-9474-1A3956D46DE8}") = "src", "src", "{AB0585B2-AE92-4852-A7F5-0EB8D0E9C8CF}"
EndProject
Project("{2150E333-8FDC-42A3-9474-1A3956D46DE8}") = "Peresentation", "Peresentation", "{763E4FA4-DD3A-4C4E-A2A5-6D1D39CE6F57}"
EndProject
Project("{2150E333-8FDC-42A3-9474-1A3956D46DE8}") = "Application", "Application", "{A1E1EF6F-9A88-4B2F-B32A-4918C702C88E}"
EndProject
Project("{2150E333-8FDC-42A3-9474-1A3956D46DE8}") = "Infrastructure", "Infrastructure", "{576D796E-BFE6-4371-ABEE-306B9B9067A6}"
EndProject
Project("{2150E333-8FDC-42A3-9474-1A3956D46DE8}") = "Domain", "Domain", "{313AFE47-D742-41F1-86F7-E29844CBB226}"
EndProject
Project("{FAE04EC0-301F-11D3-BF4B-00C04F79EFBC}") = "SamianSoft.Domain", "SamianSoft.Domain\SamianSoft.Domain.csproj", "{64188844-2613-464E-BC89-B1DEA967CCF2}"
EndProject
Global
	GlobalSection(SolutionConfigurationPlatforms) = preSolution
		Debug|Any CPU = Debug|Any CPU
		Release|Any CPU = Release|Any CPU
	EndGlobalSection
	GlobalSection(ProjectConfigurationPlatforms) = postSolution
		{D80C8F2B-4CEB-435B-B3AF-7D04548F8A50}.Debug|Any CPU.ActiveCfg = Debug|Any CPU
		{D80C8F2B-4CEB-435B-B3AF-7D04548F8A50}.Debug|Any CPU.Build.0 = Debug|Any CPU
		{D80C8F2B-4CEB-435B-B3AF-7D04548F8A50}.Release|Any CPU.ActiveCfg = Release|Any CPU
		{D80C8F2B-4CEB-435B-B3AF-7D04548F8A50}.Release|Any CPU.Build.0 = Release|Any CPU
		{64188844-2613-464E-BC89-B1DEA967CCF2}.Debug|Any CPU.ActiveCfg = Debug|Any CPU
		{64188844-2613-464E-BC89-B1DEA967CCF2}.Debug|Any CPU.Build.0 = Debug|Any CPU
		{64188844-2613-464E-BC89-B1DEA967CCF2}.Release|Any CPU.ActiveCfg = Release|Any CPU
		{64188844-2613-464E-BC89-B1DEA967CCF2}.Release|Any CPU.Build.0 = Release|Any CPU
	EndGlobalSection
	GlobalSection(SolutionProperties) = preSolution
		HideSolutionNode = FALSE
	EndGlobalSection
	GlobalSection(NestedProjects) = preSolution
		{D80C8F2B-4CEB-435B-B3AF-7D04548F8A50} = {763E4FA4-DD3A-4C4E-A2A5-6D1D39CE6F57}
		{763E4FA4-DD3A-4C4E-A2A5-6D1D39CE6F57} = {AB0585B2-AE92-4852-A7F5-0EB8D0E9C8CF}
		{A1E1EF6F-9A88-4B2F-B32A-4918C702C88E} = {AB0585B2-AE92-4852-A7F5-0EB8D0E9C8CF}
		{576D796E-BFE6-4371-ABEE-306B9B9067A6} = {AB0585B2-AE92-4852-A7F5-0EB8D0E9C8CF}
		{313AFE47-D742-41F1-86F7-E29844CBB226} = {AB0585B2-AE92-4852-A7F5-0EB8D0E9C8CF}
		{64188844-2613-464E-BC89-B1DEA967CCF2} = {313AFE47-D742-41F1-86F7-E29844CBB226}
	EndGlobalSection
	GlobalSection(ExtensibilityGlobals) = postSolution
		SolutionGuid = {35FBDCBB-466E-474D-935D-BEE3F20B276E}
	EndGlobalSection
EndGlobal
